
Microsoft Visual Studio Solution File, Format Version 12.00
# Visual Studio Version 16
VisualStudioVersion = 16.0.30621.155
MinimumVisualStudioVersion = 10.0.40219.1
Project("{FAE04EC0-301F-11D3-BF4B-00C04F79EFBC}") = "sample-rfid-mqtt", "sample-rfid-mqtt.csproj", "{F131B59C-EF2C-464E-9493-1A1AF95AF1F7}"
EndProject
Global
	GlobalSection(SolutionConfigurationPlatforms) = preSolution
		Debug|Any CPU = Debug|Any CPU
		Release|Any CPU = Release|Any CPU
	EndGlobalSection
	GlobalSection(ProjectConfigurationPlatforms) = postSolution
		{F131B59C-EF2C-464E-9493-1A1AF95AF1F7}.Debug|Any CPU.ActiveCfg = Debug|Any CPU
		{F131B59C-EF2C-464E-9493-1A1AF95AF1F7}.Debug|Any CPU.Build.0 = Debug|Any CPU
		{F131B59C-EF2C-464E-9493-1A1AF95AF1F7}.Release|Any CPU.ActiveCfg = Release|Any CPU
		{F131B59C-EF2C-464E-9493-1A1AF95AF1F7}.Release|Any CPU.Build.0 = Release|Any CPU
	EndGlobalSection
	GlobalSection(SolutionProperties) = preSolution
		HideSolutionNode = FALSE
	EndGlobalSection
	GlobalSection(ExtensibilityGlobals) = postSolution
		SolutionGuid = {88BA002E-B92A-4AF2-9439-87123E3C657D}
	EndGlobalSection
EndGlobal
